// !$*UTF8*$!
{
	archiveVersion = 1;
	classes = {
	};
	objectVersion = 50;
	objects = {

/* Begin PBXBuildFile section */
		7B75CF4F2520C79900A594CC /* AppDelegate.swift in Sources */ = {isa = PBXBuildFile; fileRef = 7B75CF4E2520C79900A594CC /* AppDelegate.swift */; };
		7B75CF512520C79900A594CC /* SceneDelegate.swift in Sources */ = {isa = PBXBuildFile; fileRef = 7B75CF502520C79900A594CC /* SceneDelegate.swift */; };
		7B75CF532520C79900A594CC /* ViewController.swift in Sources */ = {isa = PBXBuildFile; fileRef = 7B75CF522520C79900A594CC /* ViewController.swift */; };
		7B75CF562520C79900A594CC /* Main.storyboard in Resources */ = {isa = PBXBuildFile; fileRef = 7B75CF542520C79900A594CC /* Main.storyboard */; };
		7B75CF582520C79A00A594CC /* Assets.xcassets in Resources */ = {isa = PBXBuildFile; fileRef = 7B75CF572520C79A00A594CC /* Assets.xcassets */; };
		7B75CF5B2520C79A00A594CC /* LaunchScreen.storyboard in Resources */ = {isa = PBXBuildFile; fileRef = 7B75CF592520C79A00A594CC /* LaunchScreen.storyboard */; };
		7B75CF662520C79B00A594CC /* RequestAVAssetIssuesTests.swift in Sources */ = {isa = PBXBuildFile; fileRef = 7B75CF652520C79B00A594CC /* RequestAVAssetIssuesTests.swift */; };
		7B75CF712520C79B00A594CC /* RequestAVAssetIssuesUITests.swift in Sources */ = {isa = PBXBuildFile; fileRef = 7B75CF702520C79B00A594CC /* RequestAVAssetIssuesUITests.swift */; };
/* End PBXBuildFile section */

/* Begin PBXContainerItemProxy section */
		7B75CF622520C79B00A594CC /* PBXContainerItemProxy */ = {
			isa = PBXContainerItemProxy;
			containerPortal = 7B75CF432520C79900A594CC /* Project object */;
			proxyType = 1;
			remoteGlobalIDString = 7B75CF4A2520C79900A594CC;
			remoteInfo = RequestAVAssetIssues;
		};
		7B75CF6D2520C79B00A594CC /* PBXContainerItemProxy */ = {
			isa = PBXContainerItemProxy;
			containerPortal = 7B75CF432520C79900A594CC /* Project object */;
			proxyType = 1;
			remoteGlobalIDString = 7B75CF4A2520C79900A594CC;
			remoteInfo = RequestAVAssetIssues;
		};
/* End PBXContainerItemProxy section */

/* Begin PBXFileReference section */
		7B75CF4B2520C79900A594CC /* RequestAVAssetIssues.app */ = {isa = PBXFileReference; explicitFileType = wrapper.application; includeInIndex = 0; path = RequestAVAssetIssues.app; sourceTree = BUILT_PRODUCTS_DIR; };
		7B75CF4E2520C79900A594CC /* AppDelegate.swift */ = {isa = PBXFileReference; lastKnownFileType = sourcecode.swift; path = AppDelegate.swift; sourceTree = "<group>"; };
		7B75CF502520C79900A594CC /* SceneDelegate.swift */ = {isa = PBXFileReference; lastKnownFileType = sourcecode.swift; path = SceneDelegate.swift; sourceTree = "<group>"; };
		7B75CF522520C79900A594CC /* ViewController.swift */ = {isa = PBXFileReference; lastKnownFileType = sourcecode.swift; path = ViewController.swift; sourceTree = "<group>"; };
		7B75CF552520C79900A594CC /* Base */ = {isa = PBXFileReference; lastKnownFileType = file.storyboard; name = Base; path = Base.lproj/Main.storyboard; sourceTree = "<group>"; };
		7B75CF572520C79A00A594CC /* Assets.xcassets */ = {isa = PBXFileReference; lastKnownFileType = folder.assetcatalog; path = Assets.xcassets; sourceTree = "<group>"; };
		7B75CF5A2520C79A00A594CC /* Base */ = {isa = PBXFileReference; lastKnownFileType = file.storyboard; name = Base; path = Base.lproj/LaunchScreen.storyboard; sourceTree = "<group>"; };
		7B75CF5C2520C79A00A594CC /* Info.plist */ = {isa = PBXFileReference; lastKnownFileType = text.plist.xml; path = Info.plist; sourceTree = "<group>"; };
		7B75CF612520C79B00A594CC /* RequestAVAssetIssuesTests.xctest */ = {isa = PBXFileReference; explicitFileType = wrapper.cfbundle; includeInIndex = 0; path = RequestAVAssetIssuesTests.xctest; sourceTree = BUILT_PRODUCTS_DIR; };
		7B75CF652520C79B00A594CC /* RequestAVAssetIssuesTests.swift */ = {isa = PBXFileReference; lastKnownFileType = sourcecode.swift; path = RequestAVAssetIssuesTests.swift; sourceTree = "<group>"; };
		7B75CF672520C79B00A594CC /* Info.plist */ = {isa = PBXFileReference; lastKnownFileType = text.plist.xml; path = Info.plist; sourceTree = "<group>"; };
		7B75CF6C2520C79B00A594CC /* RequestAVAssetIssuesUITests.xctest */ = {isa = PBXFileReference; explicitFileType = wrapper.cfbundle; includeInIndex = 0; path = RequestAVAssetIssuesUITests.xctest; sourceTree = BUILT_PRODUCTS_DIR; };
		7B75CF702520C79B00A594CC /* RequestAVAssetIssuesUITests.swift */ = {isa = PBXFileReference; lastKnownFileType = sourcecode.swift; path = RequestAVAssetIssuesUITests.swift; sourceTree = "<group>"; };
		7B75CF722520C79B00A594CC /* Info.plist */ = {isa = PBXFileReference; lastKnownFileType = text.plist.xml; path = Info.plist; sourceTree = "<group>"; };
/* End PBXFileReference section */

/* Begin PBXFrameworksBuildPhase section */
		7B75CF482520C79900A594CC /* Frameworks */ = {
			isa = PBXFrameworksBuildPhase;
			buildActionMask = 2147483647;
			files = (
			);
			runOnlyForDeploymentPostprocessing = 0;
		};
		7B75CF5E2520C79B00A594CC /* Frameworks */ = {
			isa = PBXFrameworksBuildPhase;
			buildActionMask = 2147483647;
			files = (
			);
			runOnlyForDeploymentPostprocessing = 0;
		};
		7B75CF692520C79B00A594CC /* Frameworks */ = {
			isa = PBXFrameworksBuildPhase;
			buildActionMask = 2147483647;
			files = (
			);
			runOnlyForDeploymentPostprocessing = 0;
		};
/* End PBXFrameworksBuildPhase section */

/* Begin PBXGroup section */
		7B75CF422520C79900A594CC = {
			isa = PBXGroup;
			children = (
				7B75CF4D2520C79900A594CC /* RequestAVAssetIssues */,
				7B75CF642520C79B00A594CC /* RequestAVAssetIssuesTests */,
				7B75CF6F2520C79B00A594CC /* RequestAVAssetIssuesUITests */,
				7B75CF4C2520C79900A594CC /* Products */,
			);
			sourceTree = "<group>";
		};
		7B75CF4C2520C79900A594CC /* Products */ = {
			isa = PBXGroup;
			children = (
				7B75CF4B2520C79900A594CC /* RequestAVAssetIssues.app */,
				7B75CF612520C79B00A594CC /* RequestAVAssetIssuesTests.xctest */,
				7B75CF6C2520C79B00A594CC /* RequestAVAssetIssuesUITests.xctest */,
			);
			name = Products;
			sourceTree = "<group>";
		};
		7B75CF4D2520C79900A594CC /* RequestAVAssetIssues */ = {
			isa = PBXGroup;
			children = (
				7B75CF4E2520C79900A594CC /* AppDelegate.swift */,
				7B75CF502520C79900A594CC /* SceneDelegate.swift */,
				7B75CF522520C79900A594CC /* ViewController.swift */,
				7B75CF542520C79900A594CC /* Main.storyboard */,
				7B75CF572520C79A00A594CC /* Assets.xcassets */,
				7B75CF592520C79A00A594CC /* LaunchScreen.storyboard */,
				7B75CF5C2520C79A00A594CC /* Info.plist */,
			);
			path = RequestAVAssetIssues;
			sourceTree = "<group>";
		};
		7B75CF642520C79B00A594CC /* RequestAVAssetIssuesTests */ = {
			isa = PBXGroup;
			children = (
				7B75CF652520C79B00A594CC /* RequestAVAssetIssuesTests.swift */,
				7B75CF672520C79B00A594CC /* Info.plist */,
			);
			path = RequestAVAssetIssuesTests;
			sourceTree = "<group>";
		};
		7B75CF6F2520C79B00A594CC /* RequestAVAssetIssuesUITests */ = {
			isa = PBXGroup;
			children = (
				7B75CF702520C79B00A594CC /* RequestAVAssetIssuesUITests.swift */,
				7B75CF722520C79B00A594CC /* Info.plist */,
			);
			path = RequestAVAssetIssuesUITests;
			sourceTree = "<group>";
		};
/* End PBXGroup section */

/* Begin PBXNativeTarget section */
		7B75CF4A2520C79900A594CC /* RequestAVAssetIssues */ = {
			isa = PBXNativeTarget;
			buildConfigurationList = 7B75CF752520C79B00A594CC /* Build configuration list for PBXNativeTarget "RequestAVAssetIssues" */;
			buildPhases = (
				7B75CF472520C79900A594CC /* Sources */,
				7B75CF482520C79900A594CC /* Frameworks */,
				7B75CF492520C79900A594CC /* Resources */,
			);
			buildRules = (
			);
			dependencies = (
			);
			name = RequestAVAssetIssues;
			productName = RequestAVAssetIssues;
			productReference = 7B75CF4B2520C79900A594CC /* RequestAVAssetIssues.app */;
			productType = "com.apple.product-type.application";
		};
		7B75CF602520C79B00A594CC /* RequestAVAssetIssuesTests */ = {
			isa = PBXNativeTarget;
			buildConfigurationList = 7B75CF782520C79B00A594CC /* Build configuration list for PBXNativeTarget "RequestAVAssetIssuesTests" */;
			buildPhases = (
				7B75CF5D2520C79B00A594CC /* Sources */,
				7B75CF5E2520C79B00A594CC /* Frameworks */,
				7B75CF5F2520C79B00A594CC /* Resources */,
			);
			buildRules = (
			);
			dependencies = (
				7B75CF632520C79B00A594CC /* PBXTargetDependency */,
			);
			name = RequestAVAssetIssuesTests;
			productName = RequestAVAssetIssuesTests;
			productReference = 7B75CF612520C79B00A594CC /* RequestAVAssetIssuesTests.xctest */;
			productType = "com.apple.product-type.bundle.unit-test";
		};
		7B75CF6B2520C79B00A594CC /* RequestAVAssetIssuesUITests */ = {
			isa = PBXNativeTarget;
			buildConfigurationList = 7B75CF7B2520C79B00A594CC /* Build configuration list for PBXNativeTarget "RequestAVAssetIssuesUITests" */;
			buildPhases = (
				7B75CF682520C79B00A594CC /* Sources */,
				7B75CF692520C79B00A594CC /* Frameworks */,
				7B75CF6A2520C79B00A594CC /* Resources */,
			);
			buildRules = (
			);
			dependencies = (
				7B75CF6E2520C79B00A594CC /* PBXTargetDependency */,
			);
			name = RequestAVAssetIssuesUITests;
			productName = RequestAVAssetIssuesUITests;
			productReference = 7B75CF6C2520C79B00A594CC /* RequestAVAssetIssuesUITests.xctest */;
			productType = "com.apple.product-type.bundle.ui-testing";
		};
/* End PBXNativeTarget section */

/* Begin PBXProject section */
		7B75CF432520C79900A594CC /* Project object */ = {
			isa = PBXProject;
			attributes = {
				LastSwiftUpdateCheck = 1200;
				LastUpgradeCheck = 1200;
				TargetAttributes = {
					7B75CF4A2520C79900A594CC = {
						CreatedOnToolsVersion = 12.0;
					};
					7B75CF602520C79B00A594CC = {
						CreatedOnToolsVersion = 12.0;
						TestTargetID = 7B75CF4A2520C79900A594CC;
					};
					7B75CF6B2520C79B00A594CC = {
						CreatedOnToolsVersion = 12.0;
						TestTargetID = 7B75CF4A2520C79900A594CC;
					};
				};
			};
			buildConfigurationList = 7B75CF462520C79900A594CC /* Build configuration list for PBXProject "RequestAVAssetIssues" */;
			compatibilityVersion = "Xcode 9.3";
			developmentRegion = en;
			hasScannedForEncodings = 0;
			knownRegions = (
				en,
				Base,
			);
			mainGroup = 7B75CF422520C79900A594CC;
			productRefGroup = 7B75CF4C2520C79900A594CC /* Products */;
			projectDirPath = "";
			projectRoot = "";
			targets = (
				7B75CF4A2520C79900A594CC /* RequestAVAssetIssues */,
				7B75CF602520C79B00A594CC /* RequestAVAssetIssuesTests */,
				7B75CF6B2520C79B00A594CC /* RequestAVAssetIssuesUITests */,
			);
		};
/* End PBXProject section */

/* Begin PBXResourcesBuildPhase section */
		7B75CF492520C79900A594CC /* Resources */ = {
			isa = PBXResourcesBuildPhase;
			buildActionMask = 2147483647;
			files = (
				7B75CF5B2520C79A00A594CC /* LaunchScreen.storyboard in Resources */,
				7B75CF582520C79A00A594CC /* Assets.xcassets in Resources */,
				7B75CF562520C79900A594CC /* Main.storyboard in Resources */,
			);
			runOnlyForDeploymentPostprocessing = 0;
		};
		7B75CF5F2520C79B00A594CC /* Resources */ = {
			isa = PBXResourcesBuildPhase;
			buildActionMask = 2147483647;
			files = (
			);
			runOnlyForDeploymentPostprocessing = 0;
		};
		7B75CF6A2520C79B00A594CC /* Resources */ = {
			isa = PBXResourcesBuildPhase;
			buildActionMask = 2147483647;
			files = (
			);
			runOnlyForDeploymentPostprocessing = 0;
		};
/* End PBXResourcesBuildPhase section */

/* Begin PBXSourcesBuildPhase section */
		7B75CF472520C79900A594CC /* Sources */ = {
			isa = PBXSourcesBuildPhase;
			buildActionMask = 2147483647;
			files = (
				7B75CF532520C79900A594CC /* ViewController.swift in Sources */,
				7B75CF4F2520C79900A594CC /* AppDelegate.swift in Sources */,
				7B75CF512520C79900A594CC /* SceneDelegate.swift in Sources */,
			);
			runOnlyForDeploymentPostprocessing = 0;
		};
		7B75CF5D2520C79B00A594CC /* Sources */ = {
			isa = PBXSourcesBuildPhase;
			buildActionMask = 2147483647;
			files = (
				7B75CF662520C79B00A594CC /* RequestAVAssetIssuesTests.swift in Sources */,
			);
			runOnlyForDeploymentPostprocessing = 0;
		};
		7B75CF682520C79B00A594CC /* Sources */ = {
			isa = PBXSourcesBuildPhase;
			buildActionMask = 2147483647;
			files = (
				7B75CF712520C79B00A594CC /* RequestAVAssetIssuesUITests.swift in Sources */,
			);
			runOnlyForDeploymentPostprocessing = 0;
		};
/* End PBXSourcesBuildPhase section */

/* Begin PBXTargetDependency section */
		7B75CF632520C79B00A594CC /* PBXTargetDependency */ = {
			isa = PBXTargetDependency;
			target = 7B75CF4A2520C79900A594CC /* RequestAVAssetIssues */;
			targetProxy = 7B75CF622520C79B00A594CC /* PBXContainerItemProxy */;
		};
		7B75CF6E2520C79B00A594CC /* PBXTargetDependency */ = {
			isa = PBXTargetDependency;
			target = 7B75CF4A2520C79900A594CC /* RequestAVAssetIssues */;
			targetProxy = 7B75CF6D2520C79B00A594CC /* PBXContainerItemProxy */;
		};
/* End PBXTargetDependency section */

/* Begin PBXVariantGroup section */
		7B75CF542520C79900A594CC /* Main.storyboard */ = {
			isa = PBXVariantGroup;
			children = (
				7B75CF552520C79900A594CC /* Base */,
			);
			name = Main.storyboard;
			sourceTree = "<group>";
		};
		7B75CF592520C79A00A594CC /* LaunchScreen.storyboard */ = {
			isa = PBXVariantGroup;
			children = (
				7B75CF5A2520C79A00A594CC /* Base */,
			);
			name = LaunchScreen.storyboard;
			sourceTree = "<group>";
		};
/* End PBXVariantGroup section */

/* Begin XCBuildConfiguration section */
		7B75CF732520C79B00A594CC /* Debug */ = {
			isa = XCBuildConfiguration;
			buildSettings = {
				ALWAYS_SEARCH_USER_PATHS = NO;
				CLANG_ANALYZER_NONNULL = YES;
				CLANG_ANALYZER_NUMBER_OBJECT_CONVERSION = YES_AGGRESSIVE;
				CLANG_CXX_LANGUAGE_STANDARD = "gnu++14";
				CLANG_CXX_LIBRARY = "libc++";
				CLANG_ENABLE_MODULES = YES;
				CLANG_ENABLE_OBJC_ARC = YES;
				CLANG_ENABLE_OBJC_WEAK = YES;
				CLANG_WARN_BLOCK_CAPTURE_AUTORELEASING = YES;
				CLANG_WARN_BOOL_CONVERSION = YES;
				CLANG_WARN_COMMA = YES;
				CLANG_WARN_CONSTANT_CONVERSION = YES;
				CLANG_WARN_DEPRECATED_OBJC_IMPLEMENTATIONS = YES;
				CLANG_WARN_DIRECT_OBJC_ISA_USAGE = YES_ERROR;
				CLANG_WARN_DOCUMENTATION_COMMENTS = YES;
				CLANG_WARN_EMPTY_BODY = YES;
				CLANG_WARN_ENUM_CONVERSION = YES;
				CLANG_WARN_INFINITE_RECURSION = YES;
				CLANG_WARN_INT_CONVERSION = YES;
				CLANG_WARN_NON_LITERAL_NULL_CONVERSION = YES;
				CLANG_WARN_OBJC_IMPLICIT_RETAIN_SELF = YES;
				CLANG_WARN_OBJC_LITERAL_CONVERSION = YES;
				CLANG_WARN_OBJC_ROOT_CLASS = YES_ERROR;
				CLANG_WARN_QUOTED_INCLUDE_IN_FRAMEWORK_HEADER = YES;
				CLANG_WARN_RANGE_LOOP_ANALYSIS = YES;
				CLANG_WARN_STRICT_PROTOTYPES = YES;
				CLANG_WARN_SUSPICIOUS_MOVE = YES;
				CLANG_WARN_UNGUARDED_AVAILABILITY = YES_AGGRESSIVE;
				CLANG_WARN_UNREACHABLE_CODE = YES;
				CLANG_WARN__DUPLICATE_METHOD_MATCH = YES;
				COPY_PHASE_STRIP = NO;
				DEBUG_INFORMATION_FORMAT = dwarf;
				ENABLE_STRICT_OBJC_MSGSEND = YES;
				ENABLE_TESTABILITY = YES;
				GCC_C_LANGUAGE_STANDARD = gnu11;
				GCC_DYNAMIC_NO_PIC = NO;
				GCC_NO_COMMON_BLOCKS = YES;
				GCC_OPTIMIZATION_LEVEL = 0;
				GCC_PREPROCESSOR_DEFINITIONS = (
					"DEBUG=1",
					"$(inherited)",
				);
				GCC_WARN_64_TO_32_BIT_CONVERSION = YES;
				GCC_WARN_ABOUT_RETURN_TYPE = YES_ERROR;
				GCC_WARN_UNDECLARED_SELECTOR = YES;
				GCC_WARN_UNINITIALIZED_AUTOS = YES_AGGRESSIVE;
				GCC_WARN_UNUSED_FUNCTION = YES;
				GCC_WARN_UNUSED_VARIABLE = YES;
				IPHONEOS_DEPLOYMENT_TARGET = 14.0;
				MTL_ENABLE_DEBUG_INFO = INCLUDE_SOURCE;
				MTL_FAST_MATH = YES;
				ONLY_ACTIVE_ARCH = YES;
				SDKROOT = iphoneos;
				SWIFT_ACTIVE_COMPILATION_CONDITIONS = DEBUG;
				SWIFT_OPTIMIZATION_LEVEL = "-Onone";
			};
			name = Debug;
		};
		7B75CF742520C79B00A594CC /* Release */ = {
			isa = XCBuildConfiguration;
			buildSettings = {
				ALWAYS_SEARCH_USER_PATHS = NO;
				CLANG_ANALYZER_NONNULL = YES;
				CLANG_ANALYZER_NUMBER_OBJECT_CONVERSION = YES_AGGRESSIVE;
				CLANG_CXX_LANGUAGE_STANDARD = "gnu++14";
				CLANG_CXX_LIBRARY = "libc++";
				CLANG_ENABLE_MODULES = YES;
				CLANG_ENABLE_OBJC_ARC = YES;
				CLANG_ENABLE_OBJC_WEAK = YES;
				CLANG_WARN_BLOCK_CAPTURE_AUTORELEASING = YES;
				CLANG_WARN_BOOL_CONVERSION = YES;
				CLANG_WARN_COMMA = YES;
				CLANG_WARN_CONSTANT_CONVERSION = YES;
				CLANG_WARN_DEPRECATED_OBJC_IMPLEMENTATIONS = YES;
				CLANG_WARN_DIRECT_OBJC_ISA_USAGE = YES_ERROR;
				CLANG_WARN_DOCUMENTATION_COMMENTS = YES;
				CLANG_WARN_EMPTY_BODY = YES;
				CLANG_WARN_ENUM_CONVERSION = YES;
				CLANG_WARN_INFINITE_RECURSION = YES;
				CLANG_WARN_INT_CONVERSION = YES;
				CLANG_WARN_NON_LITERAL_NULL_CONVERSION = YES;
				CLANG_WARN_OBJC_IMPLICIT_RETAIN_SELF = YES;
				CLANG_WARN_OBJC_LITERAL_CONVERSION = YES;
				CLANG_WARN_OBJC_ROOT_CLASS = YES_ERROR;
				CLANG_WARN_QUOTED_INCLUDE_IN_FRAMEWORK_HEADER = YES;
				CLANG_WARN_RANGE_LOOP_ANALYSIS = YES;
				CLANG_WARN_STRICT_PROTOTYPES = YES;
				CLANG_WARN_SUSPICIOUS_MOVE = YES;
				CLANG_WARN_UNGUARDED_AVAILABILITY = YES_AGGRESSIVE;
				CLANG_WARN_UNREACHABLE_CODE = YES;
				CLANG_WARN__DUPLICATE_METHOD_MATCH = YES;
				COPY_PHASE_STRIP = NO;
				DEBUG_INFORMATION_FORMAT = "dwarf-with-dsym";
				ENABLE_NS_ASSERTIONS = NO;
				ENABLE_STRICT_OBJC_MSGSEND = YES;
				GCC_C_LANGUAGE_STANDARD = gnu11;
				GCC_NO_COMMON_BLOCKS = YES;
				GCC_WARN_64_TO_32_BIT_CONVERSION = YES;
				GCC_WARN_ABOUT_RETURN_TYPE = YES_ERROR;
				GCC_WARN_UNDECLARED_SELECTOR = YES;
				GCC_WARN_UNINITIALIZED_AUTOS = YES_AGGRESSIVE;
				GCC_WARN_UNUSED_FUNCTION = YES;
				GCC_WARN_UNUSED_VARIABLE = YES;
				IPHONEOS_DEPLOYMENT_TARGET = 14.0;
				MTL_ENABLE_DEBUG_INFO = NO;
				MTL_FAST_MATH = YES;
				SDKROOT = iphoneos;
				SWIFT_COMPILATION_MODE = wholemodule;
				SWIFT_OPTIMIZATION_LEVEL = "-O";
				VALIDATE_PRODUCT = YES;
			};
			name = Release;
		};
		7B75CF762520C79B00A594CC /* Debug */ = {
			isa = XCBuildConfiguration;
			buildSettings = {
				ASSETCATALOG_COMPILER_APPICON_NAME = AppIcon;
				ASSETCATALOG_COMPILER_GLOBAL_ACCENT_COLOR_NAME = AccentColor;
				CODE_SIGN_STYLE = Automatic;
				DEVELOPMENT_TEAM = FTV86YS3UP;
				INFOPLIST_FILE = RequestAVAssetIssues/Info.plist;
				LD_RUNPATH_SEARCH_PATHS = (
					"$(inherited)",
					"@executable_path/Frameworks",
				);
				PRODUCT_BUNDLE_IDENTIFIER = swiftRabbit.RequestAVAssetIssues;
				PRODUCT_NAME = "$(TARGET_NAME)";
				SWIFT_VERSION = 5.0;
				TARGETED_DEVICE_FAMILY = "1,2";
			};
			name = Debug;
		};
		7B75CF772520C79B00A594CC /* Release */ = {
			isa = XCBuildConfiguration;
			buildSettings = {
				ASSETCATALOG_COMPILER_APPICON_NAME = AppIcon;
				ASSETCATALOG_COMPILER_GLOBAL_ACCENT_COLOR_NAME = AccentColor;
				CODE_SIGN_STYLE = Automatic;
				DEVELOPMENT_TEAM = FTV86YS3UP;
				INFOPLIST_FILE = RequestAVAssetIssues/Info.plist;
				LD_RUNPATH_SEARCH_PATHS = (
					"$(inherited)",
					"@executable_path/Frameworks",
				);
				PRODUCT_BUNDLE_IDENTIFIER = swiftRabbit.RequestAVAssetIssues;
				PRODUCT_NAME = "$(TARGET_NAME)";
				SWIFT_VERSION = 5.0;
				TARGETED_DEVICE_FAMILY = "1,2";
			};
			name = Release;
		};
		7B75CF792520C79B00A594CC /* Debug */ = {
			isa = XCBuildConfiguration;
			buildSettings = {
				ALWAYS_EMBED_SWIFT_STANDARD_LIBRARIES = YES;
				BUNDLE_LOADER = "$(TEST_HOST)";
				CODE_SIGN_STYLE = Automatic;
				DEVELOPMENT_TEAM = FTV86YS3UP;
				INFOPLIST_FILE = RequestAVAssetIssuesTests/Info.plist;
				IPHONEOS_DEPLOYMENT_TARGET = 14.0;
				LD_RUNPATH_SEARCH_PATHS = (
					"$(inherited)",
					"@executable_path/Frameworks",
					"@loader_path/Frameworks",
				);
				PRODUCT_BUNDLE_IDENTIFIER = swiftRabbit.RequestAVAssetIssuesTests;
				PRODUCT_NAME = "$(TARGET_NAME)";
				SWIFT_VERSION = 5.0;
				TARGETED_DEVICE_FAMILY = "1,2";
				TEST_HOST = "$(BUILT_PRODUCTS_DIR)/RequestAVAssetIssues.app/RequestAVAssetIssues";
			};
			name = Debug;
		};
		7B75CF7A2520C79B00A594CC /* Release */ = {
			isa = XCBuildConfiguration;
			buildSettings = {
				ALWAYS_EMBED_SWIFT_STANDARD_LIBRARIES = YES;
				BUNDLE_LOADER = "$(TEST_HOST)";
				CODE_SIGN_STYLE = Automatic;
				DEVELOPMENT_TEAM = FTV86YS3UP;
				INFOPLIST_FILE = RequestAVAssetIssuesTests/Info.plist;
				IPHONEOS_DEPLOYMENT_TARGET = 14.0;
				LD_RUNPATH_SEARCH_PATHS = (
					"$(inherited)",
					"@executable_path/Frameworks",
					"@loader_path/Frameworks",
				);
				PRODUCT_BUNDLE_IDENTIFIER = swiftRabbit.RequestAVAssetIssuesTests;
				PRODUCT_NAME = "$(TARGET_NAME)";
				SWIFT_VERSION = 5.0;
				TARGETED_DEVICE_FAMILY = "1,2";
				TEST_HOST = "$(BUILT_PRODUCTS_DIR)/RequestAVAssetIssues.app/RequestAVAssetIssues";
			};
			name = Release;
		};
		7B75CF7C2520C79B00A594CC /* Debug */ = {
			isa = XCBuildConfiguration;
			buildSettings = {
				ALWAYS_EMBED_SWIFT_STANDARD_LIBRARIES = YES;
				CODE_SIGN_STYLE = Automatic;
				DEVELOPMENT_TEAM = FTV86YS3UP;
				INFOPLIST_FILE = RequestAVAssetIssuesUITests/Info.plist;
				LD_RUNPATH_SEARCH_PATHS = (
					"$(inherited)",
					"@executable_path/Frameworks",
					"@loader_path/Frameworks",
				);
				PRODUCT_BUNDLE_IDENTIFIER = swiftRabbit.RequestAVAssetIssuesUITests;
				PRODUCT_NAME = "$(TARGET_NAME)";
				SWIFT_VERSION = 5.0;
				TARGETED_DEVICE_FAMILY = "1,2";
				TEST_TARGET_NAME = RequestAVAssetIssues;
			};
			name = Debug;
		};
		7B75CF7D2520C79B00A594CC /* Release */ = {
			isa = XCBuildConfiguration;
			buildSettings = {
				ALWAYS_EMBED_SWIFT_STANDARD_LIBRARIES = YES;
				CODE_SIGN_STYLE = Automatic;
				DEVELOPMENT_TEAM = FTV86YS3UP;
				INFOPLIST_FILE = RequestAVAssetIssuesUITests/Info.plist;
				LD_RUNPATH_SEARCH_PATHS = (
					"$(inherited)",
					"@executable_path/Frameworks",
					"@loader_path/Frameworks",
				);
				PRODUCT_BUNDLE_IDENTIFIER = swiftRabbit.RequestAVAssetIssuesUITests;
				PRODUCT_NAME = "$(TARGET_NAME)";
				SWIFT_VERSION = 5.0;
				TARGETED_DEVICE_FAMILY = "1,2";
				TEST_TARGET_NAME = RequestAVAssetIssues;
			};
			name = Release;
		};
/* End XCBuildConfiguration section */

/* Begin XCConfigurationList section */
		7B75CF462520C79900A594CC /* Build configuration list for PBXProject "RequestAVAssetIssues" */ = {
			isa = XCConfigurationList;
			buildConfigurations = (
				7B75CF732520C79B00A594CC /* Debug */,
				7B75CF742520C79B00A594CC /* Release */,
			);
			defaultConfigurationIsVisible = 0;
			defaultConfigurationName = Release;
		};
		7B75CF752520C79B00A594CC /* Build configuration list for PBXNativeTarget "RequestAVAssetIssues" */ = {
			isa = XCConfigurationList;
			buildConfigurations = (
				7B75CF762520C79B00A594CC /* Debug */,
				7B75CF772520C79B00A594CC /* Release */,
			);
			defaultConfigurationIsVisible = 0;
			defaultConfigurationName = Release;
		};
		7B75CF782520C79B00A594CC /* Build configuration list for PBXNativeTarget "RequestAVAssetIssuesTests" */ = {
			isa = XCConfigurationList;
			buildConfigurations = (
				7B75CF792520C79B00A594CC /* Debug */,
				7B75CF7A2520C79B00A594CC /* Release */,
			);
			defaultConfigurationIsVisible = 0;
			defaultConfigurationName = Release;
		};
		7B75CF7B2520C79B00A594CC /* Build configuration list for PBXNativeTarget "RequestAVAssetIssuesUITests" */ = {
			isa = XCConfigurationList;
			buildConfigurations = (
				7B75CF7C2520C79B00A594CC /* Debug */,
				7B75CF7D2520C79B00A594CC /* Release */,
			);
			defaultConfigurationIsVisible = 0;
			defaultConfigurationName = Release;
		};
/* End XCConfigurationList section */
	};
	rootObject = 7B75CF432520C79900A594CC /* Project object */;
}
